// !$*UTF8*$!
{
	archiveVersion = 1;
	classes = {
	};
	objectVersion = 46;
	objects = {

/* Begin PBXBuildFile section */
		F2112D5E1BA7FD7100D6F52E /* SearchTableViewController.m in Sources */ = {isa = PBXBuildFile; fileRef = F2112D5D1BA7FD7100D6F52E /* SearchTableViewController.m */; };
		F266BBF11BA7F6D200C7172C /* main.m in Sources */ = {isa = PBXBuildFile; fileRef = F266BBF01BA7F6D200C7172C /* main.m */; };
		F266BBF41BA7F6D200C7172C /* AppDelegate.m in Sources */ = {isa = PBXBuildFile; fileRef = F266BBF31BA7F6D200C7172C /* AppDelegate.m */; };
		F266BBF71BA7F6D200C7172C /* ViewController.m in Sources */ = {isa = PBXBuildFile; fileRef = F266BBF61BA7F6D200C7172C /* ViewController.m */; };
		F266BBFA1BA7F6D200C7172C /* Main.storyboard in Resources */ = {isa = PBXBuildFile; fileRef = F266BBF81BA7F6D200C7172C /* Main.storyboard */; };
		F266BBFC1BA7F6D200C7172C /* Images.xcassets in Resources */ = {isa = PBXBuildFile; fileRef = F266BBFB1BA7F6D200C7172C /* Images.xcassets */; };
		F266BBFF1BA7F6D200C7172C /* LaunchScreen.xib in Resources */ = {isa = PBXBuildFile; fileRef = F266BBFD1BA7F6D200C7172C /* LaunchScreen.xib */; };
		F266BC0B1BA7F6D200C7172C /* TestSearchTests.m in Sources */ = {isa = PBXBuildFile; fileRef = F266BC0A1BA7F6D200C7172C /* TestSearchTests.m */; };
/* End PBXBuildFile section */

/* Begin PBXContainerItemProxy section */
		F266BC051BA7F6D200C7172C /* PBXContainerItemProxy */ = {
			isa = PBXContainerItemProxy;
			containerPortal = F266BBE31BA7F6D200C7172C /* Project object */;
			proxyType = 1;
			remoteGlobalIDString = F266BBEA1BA7F6D200C7172C;
			remoteInfo = TestSearch;
		};
/* End PBXContainerItemProxy section */

/* Begin PBXFileReference section */
		F2112D5C1BA7FD7100D6F52E /* SearchTableViewController.h */ = {isa = PBXFileReference; fileEncoding = 4; lastKnownFileType = sourcecode.c.h; path = SearchTableViewController.h; sourceTree = "<group>"; };
		F2112D5D1BA7FD7100D6F52E /* SearchTableViewController.m */ = {isa = PBXFileReference; fileEncoding = 4; lastKnownFileType = sourcecode.c.objc; path = SearchTableViewController.m; sourceTree = "<group>"; };
		F266BBEB1BA7F6D200C7172C /* TestSearch.app */ = {isa = PBXFileReference; explicitFileType = wrapper.application; includeInIndex = 0; path = TestSearch.app; sourceTree = BUILT_PRODUCTS_DIR; };
		F266BBEF1BA7F6D200C7172C /* Info.plist */ = {isa = PBXFileReference; lastKnownFileType = text.plist.xml; path = Info.plist; sourceTree = "<group>"; };
		F266BBF01BA7F6D200C7172C /* main.m */ = {isa = PBXFileReference; lastKnownFileType = sourcecode.c.objc; path = main.m; sourceTree = "<group>"; };
		F266BBF21BA7F6D200C7172C /* AppDelegate.h */ = {isa = PBXFileReference; lastKnownFileType = sourcecode.c.h; path = AppDelegate.h; sourceTree = "<group>"; };
		F266BBF31BA7F6D200C7172C /* AppDelegate.m */ = {isa = PBXFileReference; lastKnownFileType = sourcecode.c.objc; path = AppDelegate.m; sourceTree = "<group>"; };
		F266BBF51BA7F6D200C7172C /* ViewController.h */ = {isa = PBXFileReference; lastKnownFileType = sourcecode.c.h; path = ViewController.h; sourceTree = "<group>"; };
		F266BBF61BA7F6D200C7172C /* ViewController.m */ = {isa = PBXFileReference; lastKnownFileType = sourcecode.c.objc; path = ViewController.m; sourceTree = "<group>"; };
		F266BBF91BA7F6D200C7172C /* Base */ = {isa = PBXFileReference; lastKnownFileType = file.storyboard; name = Base; path = Base.lproj/Main.storyboard; sourceTree = "<group>"; };
		F266BBFB1BA7F6D200C7172C /* Images.xcassets */ = {isa = PBXFileReference; lastKnownFileType = folder.assetcatalog; path = Images.xcassets; sourceTree = "<group>"; };
		F266BBFE1BA7F6D200C7172C /* Base */ = {isa = PBXFileReference; lastKnownFileType = file.xib; name = Base; path = Base.lproj/LaunchScreen.xib; sourceTree = "<group>"; };
		F266BC041BA7F6D200C7172C /* TestSearchTests.xctest */ = {isa = PBXFileReference; explicitFileType = wrapper.cfbundle; includeInIndex = 0; path = TestSearchTests.xctest; sourceTree = BUILT_PRODUCTS_DIR; };
		F266BC091BA7F6D200C7172C /* Info.plist */ = {isa = PBXFileReference; lastKnownFileType = text.plist.xml; path = Info.plist; sourceTree = "<group>"; };
		F266BC0A1BA7F6D200C7172C /* TestSearchTests.m */ = {isa = PBXFileReference; lastKnownFileType = sourcecode.c.objc; path = TestSearchTests.m; sourceTree = "<group>"; };
/* End PBXFileReference section */

/* Begin PBXFrameworksBuildPhase section */
		F266BBE81BA7F6D200C7172C /* Frameworks */ = {
			isa = PBXFrameworksBuildPhase;
			buildActionMask = 2147483647;
			files = (
			);
			runOnlyForDeploymentPostprocessing = 0;
		};
		F266BC011BA7F6D200C7172C /* Frameworks */ = {
			isa = PBXFrameworksBuildPhase;
			buildActionMask = 2147483647;
			files = (
			);
			runOnlyForDeploymentPostprocessing = 0;
		};
/* End PBXFrameworksBuildPhase section */

/* Begin PBXGroup section */
		F266BBE21BA7F6D200C7172C = {
			isa = PBXGroup;
			children = (
				F266BBED1BA7F6D200C7172C /* TestSearch */,
				F266BC071BA7F6D200C7172C /* TestSearchTests */,
				F266BBEC1BA7F6D200C7172C /* Products */,
			);
			sourceTree = "<group>";
		};
		F266BBEC1BA7F6D200C7172C /* Products */ = {
			isa = PBXGroup;
			children = (
				F266BBEB1BA7F6D200C7172C /* TestSearch.app */,
				F266BC041BA7F6D200C7172C /* TestSearchTests.xctest */,
			);
			name = Products;
			sourceTree = "<group>";
		};
		F266BBED1BA7F6D200C7172C /* TestSearch */ = {
			isa = PBXGroup;
			children = (
				F266BBF21BA7F6D200C7172C /* AppDelegate.h */,
				F266BBF31BA7F6D200C7172C /* AppDelegate.m */,
				F266BBF51BA7F6D200C7172C /* ViewController.h */,
				F266BBF61BA7F6D200C7172C /* ViewController.m */,
				F2112D5C1BA7FD7100D6F52E /* SearchTableViewController.h */,
				F2112D5D1BA7FD7100D6F52E /* SearchTableViewController.m */,
				F266BBF81BA7F6D200C7172C /* Main.storyboard */,
				F266BBFB1BA7F6D200C7172C /* Images.xcassets */,
				F266BBFD1BA7F6D200C7172C /* LaunchScreen.xib */,
				F266BBEE1BA7F6D200C7172C /* Supporting Files */,
			);
			path = TestSearch;
			sourceTree = "<group>";
		};
		F266BBEE1BA7F6D200C7172C /* Supporting Files */ = {
			isa = PBXGroup;
			children = (
				F266BBEF1BA7F6D200C7172C /* Info.plist */,
				F266BBF01BA7F6D200C7172C /* main.m */,
			);
			name = "Supporting Files";
			sourceTree = "<group>";
		};
		F266BC071BA7F6D200C7172C /* TestSearchTests */ = {
			isa = PBXGroup;
			children = (
				F266BC0A1BA7F6D200C7172C /* TestSearchTests.m */,
				F266BC081BA7F6D200C7172C /* Supporting Files */,
			);
			path = TestSearchTests;
			sourceTree = "<group>";
		};
		F266BC081BA7F6D200C7172C /* Supporting Files */ = {
			isa = PBXGroup;
			children = (
				F266BC091BA7F6D200C7172C /* Info.plist */,
			);
			name = "Supporting Files";
			sourceTree = "<group>";
		};
/* End PBXGroup section */

/* Begin PBXNativeTarget section */
		F266BBEA1BA7F6D200C7172C /* TestSearch */ = {
			isa = PBXNativeTarget;
			buildConfigurationList = F266BC0E1BA7F6D200C7172C /* Build configuration list for PBXNativeTarget "TestSearch" */;
			buildPhases = (
				F266BBE71BA7F6D200C7172C /* Sources */,
				F266BBE81BA7F6D200C7172C /* Frameworks */,
				F266BBE91BA7F6D200C7172C /* Resources */,
			);
			buildRules = (
			);
			dependencies = (
			);
			name = TestSearch;
			productName = TestSearch;
			productReference = F266BBEB1BA7F6D200C7172C /* TestSearch.app */;
			productType = "com.apple.product-type.application";
		};
		F266BC031BA7F6D200C7172C /* TestSearchTests */ = {
			isa = PBXNativeTarget;
			buildConfigurationList = F266BC111BA7F6D200C7172C /* Build configuration list for PBXNativeTarget "TestSearchTests" */;
			buildPhases = (
				F266BC001BA7F6D200C7172C /* Sources */,
				F266BC011BA7F6D200C7172C /* Frameworks */,
				F266BC021BA7F6D200C7172C /* Resources */,
			);
			buildRules = (
			);
			dependencies = (
				F266BC061BA7F6D200C7172C /* PBXTargetDependency */,
			);
			name = TestSearchTests;
			productName = TestSearchTests;
			productReference = F266BC041BA7F6D200C7172C /* TestSearchTests.xctest */;
			productType = "com.apple.product-type.bundle.unit-test";
		};
/* End PBXNativeTarget section */

/* Begin PBXProject section */
		F266BBE31BA7F6D200C7172C /* Project object */ = {
			isa = PBXProject;
			attributes = {
				LastUpgradeCheck = 0640;
				ORGANIZATIONNAME = YDS;
				TargetAttributes = {
					F266BBEA1BA7F6D200C7172C = {
						CreatedOnToolsVersion = 6.4;
					};
					F266BC031BA7F6D200C7172C = {
						CreatedOnToolsVersion = 6.4;
						TestTargetID = F266BBEA1BA7F6D200C7172C;
					};
				};
			};
			buildConfigurationList = F266BBE61BA7F6D200C7172C /* Build configuration list for PBXProject "TestSearch" */;
			compatibilityVersion = "Xcode 3.2";
			developmentRegion = English;
			hasScannedForEncodings = 0;
			knownRegions = (
				en,
				Base,
			);
			mainGroup = F266BBE21BA7F6D200C7172C;
			productRefGroup = F266BBEC1BA7F6D200C7172C /* Products */;
			projectDirPath = "";
			projectRoot = "";
			targets = (
				F266BBEA1BA7F6D200C7172C /* TestSearch */,
				F266BC031BA7F6D200C7172C /* TestSearchTests */,
			);
		};
/* End PBXProject section */

/* Begin PBXResourcesBuildPhase section */
		F266BBE91BA7F6D200C7172C /* Resources */ = {
			isa = PBXResourcesBuildPhase;
			buildActionMask = 2147483647;
			files = (
				F266BBFA1BA7F6D200C7172C /* Main.storyboard in Resources */,
				F266BBFF1BA7F6D200C7172C /* LaunchScreen.xib in Resources */,
				F266BBFC1BA7F6D200C7172C /* Images.xcassets in Resources */,
			);
			runOnlyForDeploymentPostprocessing = 0;
		};
		F266BC021BA7F6D200C7172C /* Resources */ = {
			isa = PBXResourcesBuildPhase;
			buildActionMask = 2147483647;
			files = (
			);
			runOnlyForDeploymentPostprocessing = 0;
		};
/* End PBXResourcesBuildPhase section */

/* Begin PBXSourcesBuildPhase section */
		F266BBE71BA7F6D200C7172C /* Sources */ = {
			isa = PBXSourcesBuildPhase;
			buildActionMask = 2147483647;
			files = (
				F266BBF71BA7F6D200C7172C /* ViewController.m in Sources */,
				F266BBF41BA7F6D200C7172C /* AppDelegate.m in Sources */,
				F266BBF11BA7F6D200C7172C /* main.m in Sources */,
				F2112D5E1BA7FD7100D6F52E /* SearchTableViewController.m in Sources */,
			);
			runOnlyForDeploymentPostprocessing = 0;
		};
		F266BC001BA7F6D200C7172C /* Sources */ = {
			isa = PBXSourcesBuildPhase;
			buildActionMask = 2147483647;
			files = (
				F266BC0B1BA7F6D200C7172C /* TestSearchTests.m in Sources */,
			);
			runOnlyForDeploymentPostprocessing = 0;
		};
/* End PBXSourcesBuildPhase section */

/* Begin PBXTargetDependency section */
		F266BC061BA7F6D200C7172C /* PBXTargetDependency */ = {
			isa = PBXTargetDependency;
			target = F266BBEA1BA7F6D200C7172C /* TestSearch */;
			targetProxy = F266BC051BA7F6D200C7172C /* PBXContainerItemProxy */;
		};
/* End PBXTargetDependency section */

/* Begin PBXVariantGroup section */
		F266BBF81BA7F6D200C7172C /* Main.storyboard */ = {
			isa = PBXVariantGroup;
			children = (
				F266BBF91BA7F6D200C7172C /* Base */,
			);
			name = Main.storyboard;
			sourceTree = "<group>";
		};
		F266BBFD1BA7F6D200C7172C /* LaunchScreen.xib */ = {
			isa = PBXVariantGroup;
			children = (
				F266BBFE1BA7F6D200C7172C /* Base */,
			);
			name = LaunchScreen.xib;
			sourceTree = "<group>";
		};
/* End PBXVariantGroup section */

/* Begin XCBuildConfiguration section */
		F266BC0C1BA7F6D200C7172C /* Debug */ = {
			isa = XCBuildConfiguration;
			buildSettings = {
				ALWAYS_SEARCH_USER_PATHS = NO;
				CLANG_CXX_LANGUAGE_STANDARD = "gnu++0x";
				CLANG_CXX_LIBRARY = "libc++";
				CLANG_ENABLE_MODULES = YES;
				CLANG_ENABLE_OBJC_ARC = YES;
				CLANG_WARN_BOOL_CONVERSION = YES;
				CLANG_WARN_CONSTANT_CONVERSION = YES;
				CLANG_WARN_DIRECT_OBJC_ISA_USAGE = YES_ERROR;
				CLANG_WARN_EMPTY_BODY = YES;
				CLANG_WARN_ENUM_CONVERSION = YES;
				CLANG_WARN_INT_CONVERSION = YES;
				CLANG_WARN_OBJC_ROOT_CLASS = YES_ERROR;
				CLANG_WARN_UNREACHABLE_CODE = YES;
				CLANG_WARN__DUPLICATE_METHOD_MATCH = YES;
				"CODE_SIGN_IDENTITY[sdk=iphoneos*]" = "iPhone Developer";
				COPY_PHASE_STRIP = NO;
				DEBUG_INFORMATION_FORMAT = "dwarf-with-dsym";
				ENABLE_STRICT_OBJC_MSGSEND = YES;
				GCC_C_LANGUAGE_STANDARD = gnu99;
				GCC_DYNAMIC_NO_PIC = NO;
				GCC_NO_COMMON_BLOCKS = YES;
				GCC_OPTIMIZATION_LEVEL = 0;
				GCC_PREPROCESSOR_DEFINITIONS = (
					"DEBUG=1",
					"$(inherited)",
				);
				GCC_SYMBOLS_PRIVATE_EXTERN = NO;
				GCC_WARN_64_TO_32_BIT_CONVERSION = YES;
				GCC_WARN_ABOUT_RETURN_TYPE = YES_ERROR;
				GCC_WARN_UNDECLARED_SELECTOR = YES;
				GCC_WARN_UNINITIALIZED_AUTOS = YES_AGGRESSIVE;
				GCC_WARN_UNUSED_FUNCTION = YES;
				GCC_WARN_UNUSED_VARIABLE = YES;
				IPHONEOS_DEPLOYMENT_TARGET = 8.4;
				MTL_ENABLE_DEBUG_INFO = YES;
				ONLY_ACTIVE_ARCH = YES;
				SDKROOT = iphoneos;
			};
			name = Debug;
		};
		F266BC0D1BA7F6D200C7172C /* Release */ = {
			isa = XCBuildConfiguration;
			buildSettings = {
				ALWAYS_SEARCH_USER_PATHS = NO;
				CLANG_CXX_LANGUAGE_STANDARD = "gnu++0x";
				CLANG_CXX_LIBRARY = "libc++";
				CLANG_ENABLE_MODULES = YES;
				CLANG_ENABLE_OBJC_ARC = YES;
				CLANG_WARN_BOOL_CONVERSION = YES;
				CLANG_WARN_CONSTANT_CONVERSION = YES;
				CLANG_WARN_DIRECT_OBJC_ISA_USAGE = YES_ERROR;
				CLANG_WARN_EMPTY_BODY = YES;
				CLANG_WARN_ENUM_CONVERSION = YES;
				CLANG_WARN_INT_CONVERSION = YES;
				CLANG_WARN_OBJC_ROOT_CLASS = YES_ERROR;
				CLANG_WARN_UNREACHABLE_CODE = YES;
				CLANG_WARN__DUPLICATE_METHOD_MATCH = YES;
				"CODE_SIGN_IDENTITY[sdk=iphoneos*]" = "iPhone Developer";
				COPY_PHASE_STRIP = NO;
				DEBUG_INFORMATION_FORMAT = "dwarf-with-dsym";
				ENABLE_NS_ASSERTIONS = NO;
				ENABLE_STRICT_OBJC_MSGSEND = YES;
				GCC_C_LANGUAGE_STANDARD = gnu99;
				GCC_NO_COMMON_BLOCKS = YES;
				GCC_WARN_64_TO_32_BIT_CONVERSION = YES;
				GCC_WARN_ABOUT_RETURN_TYPE = YES_ERROR;
				GCC_WARN_UNDECLARED_SELECTOR = YES;
				GCC_WARN_UNINITIALIZED_AUTOS = YES_AGGRESSIVE;
				GCC_WARN_UNUSED_FUNCTION = YES;
				GCC_WARN_UNUSED_VARIABLE = YES;
				IPHONEOS_DEPLOYMENT_TARGET = 8.4;
				MTL_ENABLE_DEBUG_INFO = NO;
				SDKROOT = iphoneos;
				VALIDATE_PRODUCT = YES;
			};
			name = Release;
		};
		F266BC0F1BA7F6D200C7172C /* Debug */ = {
			isa = XCBuildConfiguration;
			buildSettings = {
				ASSETCATALOG_COMPILER_APPICON_NAME = AppIcon;
				INFOPLIST_FILE = TestSearch/Info.plist;
				IPHONEOS_DEPLOYMENT_TARGET = 7.1;
				LD_RUNPATH_SEARCH_PATHS = "$(inherited) @executable_path/Frameworks";
				PRODUCT_NAME = "$(TARGET_NAME)";
			};
			name = Debug;
		};
		F266BC101BA7F6D200C7172C /* Release */ = {
			isa = XCBuildConfiguration;
			buildSettings = {
				ASSETCATALOG_COMPILER_APPICON_NAME = AppIcon;
				INFOPLIST_FILE = TestSearch/Info.plist;
				IPHONEOS_DEPLOYMENT_TARGET = 7.1;
				LD_RUNPATH_SEARCH_PATHS = "$(inherited) @executable_path/Frameworks";
				PRODUCT_NAME = "$(TARGET_NAME)";
			};
			name = Release;
		};
		F266BC121BA7F6D200C7172C /* Debug */ = {
			isa = XCBuildConfiguration;
			buildSettings = {
				BUNDLE_LOADER = "$(TEST_HOST)";
				FRAMEWORK_SEARCH_PATHS = (
					"$(SDKROOT)/Developer/Library/Frameworks",
					"$(inherited)",
				);
				GCC_PREPROCESSOR_DEFINITIONS = (
					"DEBUG=1",
					"$(inherited)",
				);
				INFOPLIST_FILE = TestSearchTests/Info.plist;
				LD_RUNPATH_SEARCH_PATHS = "$(inherited) @executable_path/Frameworks @loader_path/Frameworks";
				PRODUCT_NAME = "$(TARGET_NAME)";
				TEST_HOST = "$(BUILT_PRODUCTS_DIR)/TestSearch.app/TestSearch";
			};
			name = Debug;
		};
		F266BC131BA7F6D200C7172C /* Release */ = {
			isa = XCBuildConfiguration;
			buildSettings = {
				BUNDLE_LOADER = "$(TEST_HOST)";
				FRAMEWORK_SEARCH_PATHS = (
					"$(SDKROOT)/Developer/Library/Frameworks",
					"$(inherited)",
				);
				INFOPLIST_FILE = TestSearchTests/Info.plist;
				LD_RUNPATH_SEARCH_PATHS = "$(inherited) @executable_path/Frameworks @loader_path/Frameworks";
				PRODUCT_NAME = "$(TARGET_NAME)";
				TEST_HOST = "$(BUILT_PRODUCTS_DIR)/TestSearch.app/TestSearch";
			};
			name = Release;
		};
/* End XCBuildConfiguration section */

/* Begin XCConfigurationList section */
		F266BBE61BA7F6D200C7172C /* Build configuration list for PBXProject "TestSearch" */ = {
			isa = XCConfigurationList;
			buildConfigurations = (
				F266BC0C1BA7F6D200C7172C /* Debug */,
				F266BC0D1BA7F6D200C7172C /* Release */,
			);
			defaultConfigurationIsVisible = 0;
			defaultConfigurationName = Release;
		};
		F266BC0E1BA7F6D200C7172C /* Build configuration list for PBXNativeTarget "TestSearch" */ = {
			isa = XCConfigurationList;
			buildConfigurations = (
				F266BC0F1BA7F6D200C7172C /* Debug */,
				F266BC101BA7F6D200C7172C /* Release */,
			);
			defaultConfigurationIsVisible = 0;
			defaultConfigurationName = Release;
		};
		F266BC111BA7F6D200C7172C /* Build configuration list for PBXNativeTarget "TestSearchTests" */ = {
			isa = XCConfigurationList;
			buildConfigurations = (
				F266BC121BA7F6D200C7172C /* Debug */,
				F266BC131BA7F6D200C7172C /* Release */,
			);
			defaultConfigurationIsVisible = 0;
			defaultConfigurationName = Release;
		};
/* End XCConfigurationList section */
	};
	rootObject = F266BBE31BA7F6D200C7172C /* Project object */;
}
